
Microsoft Visual Studio Solution File, Format Version 12.00
# Visual Studio Version 16
VisualStudioVersion = 16.0.33801.447
MinimumVisualStudioVersion = 10.0.40219.1
Project("{2150E333-8FDC-42A3-9474-1A3956D46DE8}") = "Services", "Services", "{ED1FF398-6A72-49DC-BB29-3418E70A474D}"
EndProject
Project("{2150E333-8FDC-42A3-9474-1A3956D46DE8}") = "Shared", "Shared", "{486AC5B9-6DD1-4506-990C-DC7A4ACE420D}"
EndProject
Project("{2150E333-8FDC-42A3-9474-1A3956D46DE8}") = "Gateways", "Gateways", "{36FBDFC6-B622-410F-BA27-118E43A83350}"
EndProject
Project("{2150E333-8FDC-42A3-9474-1A3956D46DE8}") = "Frontends", "Frontends", "{14A93F64-C8C5-442C-A81E-B92CDA072063}"
EndProject
Project("{2150E333-8FDC-42A3-9474-1A3956D46DE8}") = "IdentityServer", "IdentityServer", "{884E824A-BEB0-4F36-82AC-EC5CE656DCCD}"
EndProject
Project("{2150E333-8FDC-42A3-9474-1A3956D46DE8}") = "ToDoList", "ToDoList", "{81B4317E-DF61-4F72-95AD-86AAAE5FF91A}"
EndProject
Project("{2150E333-8FDC-42A3-9474-1A3956D46DE8}") = "Basket", "Basket", "{B8C765E0-CC79-4087-89CE-C79A4FDCC51A}"
EndProject
Project("{2150E333-8FDC-42A3-9474-1A3956D46DE8}") = "Cargo", "Cargo", "{DA70ACC4-8A77-4642-8F09-CB2A8FAEC668}"
EndProject
Project("{2150E333-8FDC-42A3-9474-1A3956D46DE8}") = "Catalog", "Catalog", "{067F0967-053E-41B6-94A0-C9C054EFCE12}"
EndProject
Project("{2150E333-8FDC-42A3-9474-1A3956D46DE8}") = "Order", "Order", "{9CF7DD8F-135D-41FD-8517-808AC77335E9}"
EndProject
Project("{2150E333-8FDC-42A3-9474-1A3956D46DE8}") = "Discount", "Discount", "{C5EF66F8-75D0-487D-87F0-3A6ABC94FB8A}"
EndProject
Project("{2150E333-8FDC-42A3-9474-1A3956D46DE8}") = "Payment", "Payment", "{38B49BE3-0607-4E61-9CCB-47FD555DB9A2}"
EndProject
Project("{2150E333-8FDC-42A3-9474-1A3956D46DE8}") = "Photostock", "Photostock", "{CA1C2C08-4BE9-4D20-8E80-11B9BFEAEF29}"
EndProject
Project("{2150E333-8FDC-42A3-9474-1A3956D46DE8}") = "Comment", "Comment", "{70A9231B-75E2-4ED4-B15C-D6D339A681AF}"
EndProject
Project("{FAE04EC0-301F-11D3-BF4B-00C04F79EFBC}") = "E-Commerce.Services.Catalog", "Services\Catalog\E-Commerce.Services.Catalog\E-Commerce.Services.Catalog.csproj", "{AA180670-6363-4AA3-9466-F67573CC1396}"
EndProject
Global
	GlobalSection(SolutionConfigurationPlatforms) = preSolution
		Debug|Any CPU = Debug|Any CPU
		Release|Any CPU = Release|Any CPU
	EndGlobalSection
	GlobalSection(ProjectConfigurationPlatforms) = postSolution
		{AA180670-6363-4AA3-9466-F67573CC1396}.Debug|Any CPU.ActiveCfg = Debug|Any CPU
		{AA180670-6363-4AA3-9466-F67573CC1396}.Debug|Any CPU.Build.0 = Debug|Any CPU
		{AA180670-6363-4AA3-9466-F67573CC1396}.Release|Any CPU.ActiveCfg = Release|Any CPU
		{AA180670-6363-4AA3-9466-F67573CC1396}.Release|Any CPU.Build.0 = Release|Any CPU
	EndGlobalSection
	GlobalSection(SolutionProperties) = preSolution
		HideSolutionNode = FALSE
	EndGlobalSection
	GlobalSection(NestedProjects) = preSolution
		{B8C765E0-CC79-4087-89CE-C79A4FDCC51A} = {ED1FF398-6A72-49DC-BB29-3418E70A474D}
		{DA70ACC4-8A77-4642-8F09-CB2A8FAEC668} = {ED1FF398-6A72-49DC-BB29-3418E70A474D}
		{067F0967-053E-41B6-94A0-C9C054EFCE12} = {ED1FF398-6A72-49DC-BB29-3418E70A474D}
		{9CF7DD8F-135D-41FD-8517-808AC77335E9} = {ED1FF398-6A72-49DC-BB29-3418E70A474D}
		{C5EF66F8-75D0-487D-87F0-3A6ABC94FB8A} = {ED1FF398-6A72-49DC-BB29-3418E70A474D}
		{38B49BE3-0607-4E61-9CCB-47FD555DB9A2} = {ED1FF398-6A72-49DC-BB29-3418E70A474D}
		{CA1C2C08-4BE9-4D20-8E80-11B9BFEAEF29} = {ED1FF398-6A72-49DC-BB29-3418E70A474D}
		{70A9231B-75E2-4ED4-B15C-D6D339A681AF} = {ED1FF398-6A72-49DC-BB29-3418E70A474D}
		{AA180670-6363-4AA3-9466-F67573CC1396} = {067F0967-053E-41B6-94A0-C9C054EFCE12}
	EndGlobalSection
	GlobalSection(ExtensibilityGlobals) = postSolution
		SolutionGuid = {AB5B7F6C-E7AA-4FC6-996A-28FED120CAC2}
	EndGlobalSection
EndGlobal
